
Microsoft Visual Studio Solution File, Format Version 12.00
# Visual Studio Version 16
VisualStudioVersion = 16.0.30320.27
MinimumVisualStudioVersion = 10.0.40219.1
Project("{FAE04EC0-301F-11D3-BF4B-00C04F79EFBC}") = "WebApplication9", "WebApplication9.csproj", "{BE11F734-6F30-48B9-8157-B10DBC018FAE}"
EndProject
Global
	GlobalSection(SolutionConfigurationPlatforms) = preSolution
		Debug|Any CPU = Debug|Any CPU
		Release|Any CPU = Release|Any CPU
	EndGlobalSection
	GlobalSection(ProjectConfigurationPlatforms) = postSolution
		{BE11F734-6F30-48B9-8157-B10DBC018FAE}.Debug|Any CPU.ActiveCfg = Debug|Any CPU
		{BE11F734-6F30-48B9-8157-B10DBC018FAE}.Debug|Any CPU.Build.0 = Debug|Any CPU
		{BE11F734-6F30-48B9-8157-B10DBC018FAE}.Release|Any CPU.ActiveCfg = Release|Any CPU
		{BE11F734-6F30-48B9-8157-B10DBC018FAE}.Release|Any CPU.Build.0 = Release|Any CPU
	EndGlobalSection
	GlobalSection(SolutionProperties) = preSolution
		HideSolutionNode = FALSE
	EndGlobalSection
	GlobalSection(ExtensibilityGlobals) = postSolution
		SolutionGuid = {FD079A96-BB20-48D3-A94E-0E09099A2F82}
	EndGlobalSection
EndGlobal
